
Microsoft Visual Studio Solution File, Format Version 12.00
# 
Project("{FAE04EC0-301F-11D3-BF4B-00C04F79EFBC}") = "HumbleEngine.HAL", "HumbleEngine.HAL\HumbleEngine.HAL.csproj", "{92DD0639-4505-479A-ACBC-3401F7D4DF99}"
EndProject
Project("{FAE04EC0-301F-11D3-BF4B-00C04F79EFBC}") = "HumbleEngine.HAL.Linux", "HumbleEngine.HAL.Linux\HumbleEngine.HAL.Linux.csproj", "{0F8E0F1C-C7DB-4115-9E4E-5225DF8AFB26}"
EndProject
Project("{FAE04EC0-301F-11D3-BF4B-00C04F79EFBC}") = "HumbleEngine.HAL.Vulkan", "HumbleEngine.HAL.Vulkan\HumbleEngine.HAL.Vulkan.csproj", "{CA0B2033-81B1-458D-A60B-3FD08570C670}"
EndProject
Project("{FAE04EC0-301F-11D3-BF4B-00C04F79EFBC}") = "HumbleEngine.HAL.OpenGL", "HumbleEngine.HAL.OpenGL\HumbleEngine.HAL.OpenGL.csproj", "{8A7D61BD-FAFE-4767-83C0-CA0C7BDDE53B}"
EndProject
Project("{FAE04EC0-301F-11D3-BF4B-00C04F79EFBC}") = "HumbleEngine.HAL.X11", "HumbleEngine.HAL.X11\HumbleEngine.HAL.X11.csproj", "{BFAF892A-994B-41B2-A954-88E673FBFB0C}"
EndProject
Project("{FAE04EC0-301F-11D3-BF4B-00C04F79EFBC}") = "HumbleEngine.HAL.Wayland", "HumbleEngine.HAL.Wayland\HumbleEngine.HAL.Wayland.csproj", "{DB3BF59C-EB24-4A9B-BEC0-C308FC25AFAD}"
EndProject
Project("{FAE04EC0-301F-11D3-BF4B-00C04F79EFBC}") = "HumbleEngine.Sandbox", "HumbleEngine.Sandbox\HumbleEngine.Sandbox.csproj", "{658CF037-805F-4170-AC27-F16FEF47B3EA}"
EndProject
Project("{FAE04EC0-301F-11D3-BF4B-00C04F79EFBC}") = "HumbleEngine.Tests", "HumbleEngine.Tests\HumbleEngine.Tests.csproj", "{94BC5A2F-05AC-47E9-AC25-B014C49DFC73}"
EndProject
Project("{FAE04EC0-301F-11D3-BF4B-00C04F79EFBC}") = "HumbleEngine.Tests.Linux", "HumbleEngine.Tests.Linux\HumbleEngine.Tests.Linux.csproj", "{6DCB741B-6EBF-496F-925C-99FFBE02EEEB}"
EndProject
Project("{FAE04EC0-301F-11D3-BF4B-00C04F79EFBC}") = "HumbleEngine.Mathematics", "HumbleEngine.Mathematics\HumbleEngine.Mathematics.csproj", "{67E4A020-58E2-4045-850B-7AE66C6340A6}"
EndProject
Project("{FAE04EC0-301F-11D3-BF4B-00C04F79EFBC}") = "HumbleEngine.SceneGraph", "HumbleEngine.SceneGraph\HumbleEngine.SceneGraph.csproj", "{1D1A0F2A-A664-40E3-AED1-9B18C733333B}"
EndProject
Project("{FAE04EC0-301F-11D3-BF4B-00C04F79EFBC}") = "HumbleEngine.Reactive", "HumbleEngine.Reactive\HumbleEngine.Reactive.csproj", "{2273E448-8078-4B9C-B68B-EB2AF9FB731D}"
EndProject
Global
	GlobalSection(SolutionConfigurationPlatforms) = preSolution
		Debug|Any CPU = Debug|Any CPU
		Debug|x64 = Debug|x64
		Debug|x86 = Debug|x86
		Release|Any CPU = Release|Any CPU
		Release|x64 = Release|x64
		Release|x86 = Release|x86
	EndGlobalSection
	GlobalSection(ProjectConfigurationPlatforms) = postSolution
		{92DD0639-4505-479A-ACBC-3401F7D4DF99}.Debug|Any CPU.ActiveCfg = Debug|Any CPU
		{92DD0639-4505-479A-ACBC-3401F7D4DF99}.Debug|Any CPU.Build.0 = Debug|Any CPU
		{92DD0639-4505-479A-ACBC-3401F7D4DF99}.Debug|x64.ActiveCfg = Debug|Any CPU
		{92DD0639-4505-479A-ACBC-3401F7D4DF99}.Debug|x64.Build.0 = Debug|Any CPU
		{92DD0639-4505-479A-ACBC-3401F7D4DF99}.Debug|x86.ActiveCfg = Debug|Any CPU
		{92DD0639-4505-479A-ACBC-3401F7D4DF99}.Debug|x86.Build.0 = Debug|Any CPU
		{92DD0639-4505-479A-ACBC-3401F7D4DF99}.Release|Any CPU.ActiveCfg = Release|Any CPU
		{92DD0639-4505-479A-ACBC-3401F7D4DF99}.Release|Any CPU.Build.0 = Release|Any CPU
		{92DD0639-4505-479A-ACBC-3401F7D4DF99}.Release|x64.ActiveCfg = Release|Any CPU
		{92DD0639-4505-479A-ACBC-3401F7D4DF99}.Release|x64.Build.0 = Release|Any CPU
		{92DD0639-4505-479A-ACBC-3401F7D4DF99}.Release|x86.ActiveCfg = Release|Any CPU
		{92DD0639-4505-479A-ACBC-3401F7D4DF99}.Release|x86.Build.0 = Release|Any CPU
		{0F8E0F1C-C7DB-4115-9E4E-5225DF8AFB26}.Debug|Any CPU.ActiveCfg = Debug|Any CPU
		{0F8E0F1C-C7DB-4115-9E4E-5225DF8AFB26}.Debug|Any CPU.Build.0 = Debug|Any CPU
		{0F8E0F1C-C7DB-4115-9E4E-5225DF8AFB26}.Debug|x64.ActiveCfg = Debug|Any CPU
		{0F8E0F1C-C7DB-4115-9E4E-5225DF8AFB26}.Debug|x64.Build.0 = Debug|Any CPU
		{0F8E0F1C-C7DB-4115-9E4E-5225DF8AFB26}.Debug|x86.ActiveCfg = Debug|Any CPU
		{0F8E0F1C-C7DB-4115-9E4E-5225DF8AFB26}.Debug|x86.Build.0 = Debug|Any CPU
		{0F8E0F1C-C7DB-4115-9E4E-5225DF8AFB26}.Release|Any CPU.ActiveCfg = Release|Any CPU
		{0F8E0F1C-C7DB-4115-9E4E-5225DF8AFB26}.Release|Any CPU.Build.0 = Release|Any CPU
		{0F8E0F1C-C7DB-4115-9E4E-5225DF8AFB26}.Release|x64.ActiveCfg = Release|Any CPU
		{0F8E0F1C-C7DB-4115-9E4E-5225DF8AFB26}.Release|x64.Build.0 = Release|Any CPU
		{0F8E0F1C-C7DB-4115-9E4E-5225DF8AFB26}.Release|x86.ActiveCfg = Release|Any CPU
		{0F8E0F1C-C7DB-4115-9E4E-5225DF8AFB26}.Release|x86.Build.0 = Release|Any CPU
		{CA0B2033-81B1-458D-A60B-3FD08570C670}.Debug|Any CPU.ActiveCfg = Debug|Any CPU
		{CA0B2033-81B1-458D-A60B-3FD08570C670}.Debug|Any CPU.Build.0 = Debug|Any CPU
		{CA0B2033-81B1-458D-A60B-3FD08570C670}.Debug|x64.ActiveCfg = Debug|Any CPU
		{CA0B2033-81B1-458D-A60B-3FD08570C670}.Debug|x64.Build.0 = Debug|Any CPU
		{CA0B2033-81B1-458D-A60B-3FD08570C670}.Debug|x86.ActiveCfg = Debug|Any CPU
		{CA0B2033-81B1-458D-A60B-3FD08570C670}.Debug|x86.Build.0 = Debug|Any CPU
		{CA0B2033-81B1-458D-A60B-3FD08570C670}.Release|Any CPU.ActiveCfg = Release|Any CPU
		{CA0B2033-81B1-458D-A60B-3FD08570C670}.Release|Any CPU.Build.0 = Release|Any CPU
		{CA0B2033-81B1-458D-A60B-3FD08570C670}.Release|x64.ActiveCfg = Release|Any CPU
		{CA0B2033-81B1-458D-A60B-3FD08570C670}.Release|x64.Build.0 = Release|Any CPU
		{CA0B2033-81B1-458D-A60B-3FD08570C670}.Release|x86.ActiveCfg = Release|Any CPU
		{CA0B2033-81B1-458D-A60B-3FD08570C670}.Release|x86.Build.0 = Release|Any CPU
		{8A7D61BD-FAFE-4767-83C0-CA0C7BDDE53B}.Debug|Any CPU.ActiveCfg = Debug|Any CPU
		{8A7D61BD-FAFE-4767-83C0-CA0C7BDDE53B}.Debug|Any CPU.Build.0 = Debug|Any CPU
		{8A7D61BD-FAFE-4767-83C0-CA0C7BDDE53B}.Debug|x64.ActiveCfg = Debug|Any CPU
		{8A7D61BD-FAFE-4767-83C0-CA0C7BDDE53B}.Debug|x64.Build.0 = Debug|Any CPU
		{8A7D61BD-FAFE-4767-83C0-CA0C7BDDE53B}.Debug|x86.ActiveCfg = Debug|Any CPU
		{8A7D61BD-FAFE-4767-83C0-CA0C7BDDE53B}.Debug|x86.Build.0 = Debug|Any CPU
		{8A7D61BD-FAFE-4767-83C0-CA0C7BDDE53B}.Release|Any CPU.ActiveCfg = Release|Any CPU
		{8A7D61BD-FAFE-4767-83C0-CA0C7BDDE53B}.Release|Any CPU.Build.0 = Release|Any CPU
		{8A7D61BD-FAFE-4767-83C0-CA0C7BDDE53B}.Release|x64.ActiveCfg = Release|Any CPU
		{8A7D61BD-FAFE-4767-83C0-CA0C7BDDE53B}.Release|x64.Build.0 = Release|Any CPU
		{8A7D61BD-FAFE-4767-83C0-CA0C7BDDE53B}.Release|x86.ActiveCfg = Release|Any CPU
		{8A7D61BD-FAFE-4767-83C0-CA0C7BDDE53B}.Release|x86.Build.0 = Release|Any CPU
		{BFAF892A-994B-41B2-A954-88E673FBFB0C}.Debug|Any CPU.ActiveCfg = Debug|Any CPU
		{BFAF892A-994B-41B2-A954-88E673FBFB0C}.Debug|Any CPU.Build.0 = Debug|Any CPU
		{BFAF892A-994B-41B2-A954-88E673FBFB0C}.Debug|x64.ActiveCfg = Debug|Any CPU
		{BFAF892A-994B-41B2-A954-88E673FBFB0C}.Debug|x64.Build.0 = Debug|Any CPU
		{BFAF892A-994B-41B2-A954-88E673FBFB0C}.Debug|x86.ActiveCfg = Debug|Any CPU
		{BFAF892A-994B-41B2-A954-88E673FBFB0C}.Debug|x86.Build.0 = Debug|Any CPU
		{BFAF892A-994B-41B2-A954-88E673FBFB0C}.Release|Any CPU.ActiveCfg = Release|Any CPU
		{BFAF892A-994B-41B2-A954-88E673FBFB0C}.Release|Any CPU.Build.0 = Release|Any CPU
		{BFAF892A-994B-41B2-A954-88E673FBFB0C}.Release|x64.ActiveCfg = Release|Any CPU
		{BFAF892A-994B-41B2-A954-88E673FBFB0C}.Release|x64.Build.0 = Release|Any CPU
		{BFAF892A-994B-41B2-A954-88E673FBFB0C}.Release|x86.ActiveCfg = Release|Any CPU
		{BFAF892A-994B-41B2-A954-88E673FBFB0C}.Release|x86.Build.0 = Release|Any CPU
		{DB3BF59C-EB24-4A9B-BEC0-C308FC25AFAD}.Debug|Any CPU.ActiveCfg = Debug|Any CPU
		{DB3BF59C-EB24-4A9B-BEC0-C308FC25AFAD}.Debug|Any CPU.Build.0 = Debug|Any CPU
		{DB3BF59C-EB24-4A9B-BEC0-C308FC25AFAD}.Debug|x64.ActiveCfg = Debug|Any CPU
		{DB3BF59C-EB24-4A9B-BEC0-C308FC25AFAD}.Debug|x64.Build.0 = Debug|Any CPU
		{DB3BF59C-EB24-4A9B-BEC0-C308FC25AFAD}.Debug|x86.ActiveCfg = Debug|Any CPU
		{DB3BF59C-EB24-4A9B-BEC0-C308FC25AFAD}.Debug|x86.Build.0 = Debug|Any CPU
		{DB3BF59C-EB24-4A9B-BEC0-C308FC25AFAD}.Release|Any CPU.ActiveCfg = Release|Any CPU
		{DB3BF59C-EB24-4A9B-BEC0-C308FC25AFAD}.Release|Any CPU.Build.0 = Release|Any CPU
		{DB3BF59C-EB24-4A9B-BEC0-C308FC25AFAD}.Release|x64.ActiveCfg = Release|Any CPU
		{DB3BF59C-EB24-4A9B-BEC0-C308FC25AFAD}.Release|x64.Build.0 = Release|Any CPU
		{DB3BF59C-EB24-4A9B-BEC0-C308FC25AFAD}.Release|x86.ActiveCfg = Release|Any CPU
		{DB3BF59C-EB24-4A9B-BEC0-C308FC25AFAD}.Release|x86.Build.0 = Release|Any CPU
		{658CF037-805F-4170-AC27-F16FEF47B3EA}.Debug|Any CPU.ActiveCfg = Debug|Any CPU
		{658CF037-805F-4170-AC27-F16FEF47B3EA}.Debug|Any CPU.Build.0 = Debug|Any CPU
		{658CF037-805F-4170-AC27-F16FEF47B3EA}.Debug|x64.ActiveCfg = Debug|Any CPU
		{658CF037-805F-4170-AC27-F16FEF47B3EA}.Debug|x64.Build.0 = Debug|Any CPU
		{658CF037-805F-4170-AC27-F16FEF47B3EA}.Debug|x86.ActiveCfg = Debug|Any CPU
		{658CF037-805F-4170-AC27-F16FEF47B3EA}.Debug|x86.Build.0 = Debug|Any CPU
		{658CF037-805F-4170-AC27-F16FEF47B3EA}.Release|Any CPU.ActiveCfg = Release|Any CPU
		{658CF037-805F-4170-AC27-F16FEF47B3EA}.Release|Any CPU.Build.0 = Release|Any CPU
		{658CF037-805F-4170-AC27-F16FEF47B3EA}.Release|x64.ActiveCfg = Release|Any CPU
		{658CF037-805F-4170-AC27-F16FEF47B3EA}.Release|x64.Build.0 = Release|Any CPU
		{658CF037-805F-4170-AC27-F16FEF47B3EA}.Release|x86.ActiveCfg = Release|Any CPU
		{658CF037-805F-4170-AC27-F16FEF47B3EA}.Release|x86.Build.0 = Release|Any CPU
		{94BC5A2F-05AC-47E9-AC25-B014C49DFC73}.Debug|Any CPU.ActiveCfg = Debug|Any CPU
		{94BC5A2F-05AC-47E9-AC25-B014C49DFC73}.Debug|Any CPU.Build.0 = Debug|Any CPU
		{94BC5A2F-05AC-47E9-AC25-B014C49DFC73}.Debug|x64.ActiveCfg = Debug|Any CPU
		{94BC5A2F-05AC-47E9-AC25-B014C49DFC73}.Debug|x64.Build.0 = Debug|Any CPU
		{94BC5A2F-05AC-47E9-AC25-B014C49DFC73}.Debug|x86.ActiveCfg = Debug|Any CPU
		{94BC5A2F-05AC-47E9-AC25-B014C49DFC73}.Debug|x86.Build.0 = Debug|Any CPU
		{94BC5A2F-05AC-47E9-AC25-B014C49DFC73}.Release|Any CPU.ActiveCfg = Release|Any CPU
		{94BC5A2F-05AC-47E9-AC25-B014C49DFC73}.Release|Any CPU.Build.0 = Release|Any CPU
		{94BC5A2F-05AC-47E9-AC25-B014C49DFC73}.Release|x64.ActiveCfg = Release|Any CPU
		{94BC5A2F-05AC-47E9-AC25-B014C49DFC73}.Release|x64.Build.0 = Release|Any CPU
		{94BC5A2F-05AC-47E9-AC25-B014C49DFC73}.Release|x86.ActiveCfg = Release|Any CPU
		{94BC5A2F-05AC-47E9-AC25-B014C49DFC73}.Release|x86.Build.0 = Release|Any CPU
		{6DCB741B-6EBF-496F-925C-99FFBE02EEEB}.Debug|Any CPU.ActiveCfg = Debug|Any CPU
		{6DCB741B-6EBF-496F-925C-99FFBE02EEEB}.Debug|Any CPU.Build.0 = Debug|Any CPU
		{6DCB741B-6EBF-496F-925C-99FFBE02EEEB}.Debug|x64.ActiveCfg = Debug|Any CPU
		{6DCB741B-6EBF-496F-925C-99FFBE02EEEB}.Debug|x64.Build.0 = Debug|Any CPU
		{6DCB741B-6EBF-496F-925C-99FFBE02EEEB}.Debug|x86.ActiveCfg = Debug|Any CPU
		{6DCB741B-6EBF-496F-925C-99FFBE02EEEB}.Debug|x86.Build.0 = Debug|Any CPU
		{6DCB741B-6EBF-496F-925C-99FFBE02EEEB}.Release|Any CPU.ActiveCfg = Release|Any CPU
		{6DCB741B-6EBF-496F-925C-99FFBE02EEEB}.Release|Any CPU.Build.0 = Release|Any CPU
		{6DCB741B-6EBF-496F-925C-99FFBE02EEEB}.Release|x64.ActiveCfg = Release|Any CPU
		{6DCB741B-6EBF-496F-925C-99FFBE02EEEB}.Release|x64.Build.0 = Release|Any CPU
		{6DCB741B-6EBF-496F-925C-99FFBE02EEEB}.Release|x86.ActiveCfg = Release|Any CPU
		{6DCB741B-6EBF-496F-925C-99FFBE02EEEB}.Release|x86.Build.0 = Release|Any CPU
		{67E4A020-58E2-4045-850B-7AE66C6340A6}.Debug|Any CPU.ActiveCfg = Debug|Any CPU
		{67E4A020-58E2-4045-850B-7AE66C6340A6}.Debug|Any CPU.Build.0 = Debug|Any CPU
		{67E4A020-58E2-4045-850B-7AE66C6340A6}.Debug|x64.ActiveCfg = Debug|Any CPU
		{67E4A020-58E2-4045-850B-7AE66C6340A6}.Debug|x64.Build.0 = Debug|Any CPU
		{67E4A020-58E2-4045-850B-7AE66C6340A6}.Debug|x86.ActiveCfg = Debug|Any CPU
		{67E4A020-58E2-4045-850B-7AE66C6340A6}.Debug|x86.Build.0 = Debug|Any CPU
		{67E4A020-58E2-4045-850B-7AE66C6340A6}.Release|Any CPU.ActiveCfg = Release|Any CPU
		{67E4A020-58E2-4045-850B-7AE66C6340A6}.Release|Any CPU.Build.0 = Release|Any CPU
		{67E4A020-58E2-4045-850B-7AE66C6340A6}.Release|x64.ActiveCfg = Release|Any CPU
		{67E4A020-58E2-4045-850B-7AE66C6340A6}.Release|x64.Build.0 = Release|Any CPU
		{67E4A020-58E2-4045-850B-7AE66C6340A6}.Release|x86.ActiveCfg = Release|Any CPU
		{67E4A020-58E2-4045-850B-7AE66C6340A6}.Release|x86.Build.0 = Release|Any CPU
		{1D1A0F2A-A664-40E3-AED1-9B18C733333B}.Debug|Any CPU.ActiveCfg = Debug|Any CPU
		{1D1A0F2A-A664-40E3-AED1-9B18C733333B}.Debug|Any CPU.Build.0 = Debug|Any CPU
		{1D1A0F2A-A664-40E3-AED1-9B18C733333B}.Debug|x64.ActiveCfg = Debug|Any CPU
		{1D1A0F2A-A664-40E3-AED1-9B18C733333B}.Debug|x64.Build.0 = Debug|Any CPU
		{1D1A0F2A-A664-40E3-AED1-9B18C733333B}.Debug|x86.ActiveCfg = Debug|Any CPU
		{1D1A0F2A-A664-40E3-AED1-9B18C733333B}.Debug|x86.Build.0 = Debug|Any CPU
		{1D1A0F2A-A664-40E3-AED1-9B18C733333B}.Release|Any CPU.ActiveCfg = Release|Any CPU
		{1D1A0F2A-A664-40E3-AED1-9B18C733333B}.Release|Any CPU.Build.0 = Release|Any CPU
		{1D1A0F2A-A664-40E3-AED1-9B18C733333B}.Release|x64.ActiveCfg = Release|Any CPU
		{1D1A0F2A-A664-40E3-AED1-9B18C733333B}.Release|x64.Build.0 = Release|Any CPU
		{1D1A0F2A-A664-40E3-AED1-9B18C733333B}.Release|x86.ActiveCfg = Release|Any CPU
		{1D1A0F2A-A664-40E3-AED1-9B18C733333B}.Release|x86.Build.0 = Release|Any CPU
		{2273E448-8078-4B9C-B68B-EB2AF9FB731D}.Debug|Any CPU.ActiveCfg = Debug|Any CPU
		{2273E448-8078-4B9C-B68B-EB2AF9FB731D}.Debug|Any CPU.Build.0 = Debug|Any CPU
		{2273E448-8078-4B9C-B68B-EB2AF9FB731D}.Debug|x64.ActiveCfg = Debug|Any CPU
		{2273E448-8078-4B9C-B68B-EB2AF9FB731D}.Debug|x64.Build.0 = Debug|Any CPU
		{2273E448-8078-4B9C-B68B-EB2AF9FB731D}.Debug|x86.ActiveCfg = Debug|Any CPU
		{2273E448-8078-4B9C-B68B-EB2AF9FB731D}.Debug|x86.Build.0 = Debug|Any CPU
		{2273E448-8078-4B9C-B68B-EB2AF9FB731D}.Release|Any CPU.ActiveCfg = Release|Any CPU
		{2273E448-8078-4B9C-B68B-EB2AF9FB731D}.Release|Any CPU.Build.0 = Release|Any CPU
		{2273E448-8078-4B9C-B68B-EB2AF9FB731D}.Release|x64.ActiveCfg = Release|Any CPU
		{2273E448-8078-4B9C-B68B-EB2AF9FB731D}.Release|x64.Build.0 = Release|Any CPU
		{2273E448-8078-4B9C-B68B-EB2AF9FB731D}.Release|x86.ActiveCfg = Release|Any CPU
		{2273E448-8078-4B9C-B68B-EB2AF9FB731D}.Release|x86.Build.0 = Release|Any CPU
	EndGlobalSection
	GlobalSection(SolutionProperties) = preSolution
		HideSolutionNode = FALSE
	EndGlobalSection
EndGlobal
