
Microsoft Visual Studio Solution File, Format Version 12.00
Project("{FAE04EC0-301F-11D3-BF4B-00C04F79EFBC}") = "HumbleEngine", "HumbleEngine\HumbleEngine.csproj", "{F184462F-F990-4DF2-9749-731B19DD4F1C}"
EndProject
Project("{FAE04EC0-301F-11D3-BF4B-00C04F79EFBC}") = "HumbleEngine.Tests", "HumbleEngine.Tests\HumbleEngine.Tests.csproj", "{216E48AB-E1D8-45B3-A32A-97C1A1260771}"
EndProject
Project("{FAE04EC0-301F-11D3-BF4B-00C04F79EFBC}") = "HumbleEngine.Sample", "HumbleEngine.Sample\HumbleEngine.Sample.csproj", "{6356BE6B-B945-4C64-BC29-ED22F4FC65E9}"
EndProject
Global
	GlobalSection(SolutionConfigurationPlatforms) = preSolution
		Debug|Any CPU = Debug|Any CPU
		Debug|x64 = Debug|x64
		Debug|x86 = Debug|x86
		Release|Any CPU = Release|Any CPU
		Release|x64 = Release|x64
		Release|x86 = Release|x86
	EndGlobalSection
	GlobalSection(ProjectConfigurationPlatforms) = postSolution
		{F184462F-F990-4DF2-9749-731B19DD4F1C}.Debug|Any CPU.ActiveCfg = Debug|Any CPU
		{F184462F-F990-4DF2-9749-731B19DD4F1C}.Debug|Any CPU.Build.0 = Debug|Any CPU
		{F184462F-F990-4DF2-9749-731B19DD4F1C}.Debug|x64.ActiveCfg = Debug|Any CPU
		{F184462F-F990-4DF2-9749-731B19DD4F1C}.Debug|x64.Build.0 = Debug|Any CPU
		{F184462F-F990-4DF2-9749-731B19DD4F1C}.Debug|x86.ActiveCfg = Debug|Any CPU
		{F184462F-F990-4DF2-9749-731B19DD4F1C}.Debug|x86.Build.0 = Debug|Any CPU
		{F184462F-F990-4DF2-9749-731B19DD4F1C}.Release|Any CPU.ActiveCfg = Release|Any CPU
		{F184462F-F990-4DF2-9749-731B19DD4F1C}.Release|Any CPU.Build.0 = Release|Any CPU
		{F184462F-F990-4DF2-9749-731B19DD4F1C}.Release|x64.ActiveCfg = Release|Any CPU
		{F184462F-F990-4DF2-9749-731B19DD4F1C}.Release|x64.Build.0 = Release|Any CPU
		{F184462F-F990-4DF2-9749-731B19DD4F1C}.Release|x86.ActiveCfg = Release|Any CPU
		{F184462F-F990-4DF2-9749-731B19DD4F1C}.Release|x86.Build.0 = Release|Any CPU
		{216E48AB-E1D8-45B3-A32A-97C1A1260771}.Debug|Any CPU.ActiveCfg = Debug|Any CPU
		{216E48AB-E1D8-45B3-A32A-97C1A1260771}.Debug|Any CPU.Build.0 = Debug|Any CPU
		{216E48AB-E1D8-45B3-A32A-97C1A1260771}.Debug|x64.ActiveCfg = Debug|Any CPU
		{216E48AB-E1D8-45B3-A32A-97C1A1260771}.Debug|x64.Build.0 = Debug|Any CPU
		{216E48AB-E1D8-45B3-A32A-97C1A1260771}.Debug|x86.ActiveCfg = Debug|Any CPU
		{216E48AB-E1D8-45B3-A32A-97C1A1260771}.Debug|x86.Build.0 = Debug|Any CPU
		{216E48AB-E1D8-45B3-A32A-97C1A1260771}.Release|Any CPU.ActiveCfg = Release|Any CPU
		{216E48AB-E1D8-45B3-A32A-97C1A1260771}.Release|Any CPU.Build.0 = Release|Any CPU
		{216E48AB-E1D8-45B3-A32A-97C1A1260771}.Release|x64.ActiveCfg = Release|Any CPU
		{216E48AB-E1D8-45B3-A32A-97C1A1260771}.Release|x64.Build.0 = Release|Any CPU
		{216E48AB-E1D8-45B3-A32A-97C1A1260771}.Release|x86.ActiveCfg = Release|Any CPU
		{216E48AB-E1D8-45B3-A32A-97C1A1260771}.Release|x86.Build.0 = Release|Any CPU
		{6356BE6B-B945-4C64-BC29-ED22F4FC65E9}.Debug|Any CPU.ActiveCfg = Debug|Any CPU
		{6356BE6B-B945-4C64-BC29-ED22F4FC65E9}.Debug|Any CPU.Build.0 = Debug|Any CPU
		{6356BE6B-B945-4C64-BC29-ED22F4FC65E9}.Debug|x64.ActiveCfg = Debug|Any CPU
		{6356BE6B-B945-4C64-BC29-ED22F4FC65E9}.Debug|x64.Build.0 = Debug|Any CPU
		{6356BE6B-B945-4C64-BC29-ED22F4FC65E9}.Debug|x86.ActiveCfg = Debug|Any CPU
		{6356BE6B-B945-4C64-BC29-ED22F4FC65E9}.Debug|x86.Build.0 = Debug|Any CPU
		{6356BE6B-B945-4C64-BC29-ED22F4FC65E9}.Release|Any CPU.ActiveCfg = Release|Any CPU
		{6356BE6B-B945-4C64-BC29-ED22F4FC65E9}.Release|Any CPU.Build.0 = Release|Any CPU
		{6356BE6B-B945-4C64-BC29-ED22F4FC65E9}.Release|x64.ActiveCfg = Release|Any CPU
		{6356BE6B-B945-4C64-BC29-ED22F4FC65E9}.Release|x64.Build.0 = Release|Any CPU
		{6356BE6B-B945-4C64-BC29-ED22F4FC65E9}.Release|x86.ActiveCfg = Release|Any CPU
		{6356BE6B-B945-4C64-BC29-ED22F4FC65E9}.Release|x86.Build.0 = Release|Any CPU
	EndGlobalSection
	GlobalSection(SolutionProperties) = preSolution
		HideSolutionNode = FALSE
	EndGlobalSection
EndGlobal
