
Microsoft Visual Studio Solution File, Format Version 12.00
Project("{FAE04EC0-301F-11D3-BF4B-00C04F79EFBC}") = "HumbleEngine.Core", "HumbleEngine.Core\HumbleEngine.Core.csproj", "{D17723A8-D182-4D4E-B1A1-F66F5B3016A1}"
EndProject
Project("{FAE04EC0-301F-11D3-BF4B-00C04F79EFBC}") = "HumbleEngine.Silk", "HumbleEngine.Silk\HumbleEngine.Silk.csproj", "{6EE2796A-DC2A-4134-82F5-49B1837AE665}"
EndProject
Project("{FAE04EC0-301F-11D3-BF4B-00C04F79EFBC}") = "HumbleEngine.Generators", "HumbleEngine.Generators\HumbleEngine.Generators.csproj", "{F793340D-8380-4A6B-AE2C-4A6E0ECE0CC0}"
EndProject
Global
	GlobalSection(SolutionConfigurationPlatforms) = preSolution
		Debug|Any CPU = Debug|Any CPU
		Debug|x64 = Debug|x64
		Debug|x86 = Debug|x86
		Release|Any CPU = Release|Any CPU
		Release|x64 = Release|x64
		Release|x86 = Release|x86
	EndGlobalSection
	GlobalSection(ProjectConfigurationPlatforms) = postSolution
		{D17723A8-D182-4D4E-B1A1-F66F5B3016A1}.Debug|Any CPU.ActiveCfg = Debug|Any CPU
		{D17723A8-D182-4D4E-B1A1-F66F5B3016A1}.Debug|Any CPU.Build.0 = Debug|Any CPU
		{D17723A8-D182-4D4E-B1A1-F66F5B3016A1}.Debug|x64.ActiveCfg = Debug|Any CPU
		{D17723A8-D182-4D4E-B1A1-F66F5B3016A1}.Debug|x64.Build.0 = Debug|Any CPU
		{D17723A8-D182-4D4E-B1A1-F66F5B3016A1}.Debug|x86.ActiveCfg = Debug|Any CPU
		{D17723A8-D182-4D4E-B1A1-F66F5B3016A1}.Debug|x86.Build.0 = Debug|Any CPU
		{D17723A8-D182-4D4E-B1A1-F66F5B3016A1}.Release|Any CPU.ActiveCfg = Release|Any CPU
		{D17723A8-D182-4D4E-B1A1-F66F5B3016A1}.Release|Any CPU.Build.0 = Release|Any CPU
		{D17723A8-D182-4D4E-B1A1-F66F5B3016A1}.Release|x64.ActiveCfg = Release|Any CPU
		{D17723A8-D182-4D4E-B1A1-F66F5B3016A1}.Release|x64.Build.0 = Release|Any CPU
		{D17723A8-D182-4D4E-B1A1-F66F5B3016A1}.Release|x86.ActiveCfg = Release|Any CPU
		{D17723A8-D182-4D4E-B1A1-F66F5B3016A1}.Release|x86.Build.0 = Release|Any CPU
		{6EE2796A-DC2A-4134-82F5-49B1837AE665}.Debug|Any CPU.ActiveCfg = Debug|Any CPU
		{6EE2796A-DC2A-4134-82F5-49B1837AE665}.Debug|Any CPU.Build.0 = Debug|Any CPU
		{6EE2796A-DC2A-4134-82F5-49B1837AE665}.Debug|x64.ActiveCfg = Debug|Any CPU
		{6EE2796A-DC2A-4134-82F5-49B1837AE665}.Debug|x64.Build.0 = Debug|Any CPU
		{6EE2796A-DC2A-4134-82F5-49B1837AE665}.Debug|x86.ActiveCfg = Debug|Any CPU
		{6EE2796A-DC2A-4134-82F5-49B1837AE665}.Debug|x86.Build.0 = Debug|Any CPU
		{6EE2796A-DC2A-4134-82F5-49B1837AE665}.Release|Any CPU.ActiveCfg = Release|Any CPU
		{6EE2796A-DC2A-4134-82F5-49B1837AE665}.Release|Any CPU.Build.0 = Release|Any CPU
		{6EE2796A-DC2A-4134-82F5-49B1837AE665}.Release|x64.ActiveCfg = Release|Any CPU
		{6EE2796A-DC2A-4134-82F5-49B1837AE665}.Release|x64.Build.0 = Release|Any CPU
		{6EE2796A-DC2A-4134-82F5-49B1837AE665}.Release|x86.ActiveCfg = Release|Any CPU
		{6EE2796A-DC2A-4134-82F5-49B1837AE665}.Release|x86.Build.0 = Release|Any CPU
		{F793340D-8380-4A6B-AE2C-4A6E0ECE0CC0}.Debug|Any CPU.ActiveCfg = Debug|Any CPU
		{F793340D-8380-4A6B-AE2C-4A6E0ECE0CC0}.Debug|Any CPU.Build.0 = Debug|Any CPU
		{F793340D-8380-4A6B-AE2C-4A6E0ECE0CC0}.Debug|x64.ActiveCfg = Debug|Any CPU
		{F793340D-8380-4A6B-AE2C-4A6E0ECE0CC0}.Debug|x64.Build.0 = Debug|Any CPU
		{F793340D-8380-4A6B-AE2C-4A6E0ECE0CC0}.Debug|x86.ActiveCfg = Debug|Any CPU
		{F793340D-8380-4A6B-AE2C-4A6E0ECE0CC0}.Debug|x86.Build.0 = Debug|Any CPU
		{F793340D-8380-4A6B-AE2C-4A6E0ECE0CC0}.Release|Any CPU.ActiveCfg = Release|Any CPU
		{F793340D-8380-4A6B-AE2C-4A6E0ECE0CC0}.Release|Any CPU.Build.0 = Release|Any CPU
		{F793340D-8380-4A6B-AE2C-4A6E0ECE0CC0}.Release|x64.ActiveCfg = Release|Any CPU
		{F793340D-8380-4A6B-AE2C-4A6E0ECE0CC0}.Release|x64.Build.0 = Release|Any CPU
		{F793340D-8380-4A6B-AE2C-4A6E0ECE0CC0}.Release|x86.ActiveCfg = Release|Any CPU
		{F793340D-8380-4A6B-AE2C-4A6E0ECE0CC0}.Release|x86.Build.0 = Release|Any CPU
	EndGlobalSection
	GlobalSection(SolutionProperties) = preSolution
		HideSolutionNode = FALSE
	EndGlobalSection
EndGlobal
